// !$*UTF8*$!
{
	archiveVersion = 1;
	classes = {
	};
	objectVersion = 46;
	objects = {

/* Begin PBXBuildFile section */
		7EAD0B561EDB203A00B42A89 /* AppDelegate.swift in Sources */ = {isa = PBXBuildFile; fileRef = 7EAD0B551EDB203A00B42A89 /* AppDelegate.swift */; };
		7EAD0B581EDB203B00B42A89 /* ViewController.swift in Sources */ = {isa = PBXBuildFile; fileRef = 7EAD0B571EDB203B00B42A89 /* ViewController.swift */; };
		7EAD0B5B1EDB203B00B42A89 /* Main.storyboard in Resources */ = {isa = PBXBuildFile; fileRef = 7EAD0B591EDB203B00B42A89 /* Main.storyboard */; };
		7EAD0B5D1EDB203B00B42A89 /* Assets.xcassets in Resources */ = {isa = PBXBuildFile; fileRef = 7EAD0B5C1EDB203B00B42A89 /* Assets.xcassets */; };
		7EAD0B601EDB203B00B42A89 /* LaunchScreen.storyboard in Resources */ = {isa = PBXBuildFile; fileRef = 7EAD0B5E1EDB203B00B42A89 /* LaunchScreen.storyboard */; };
		7EAD0B6B1EDB203D00B42A89 /* tippyTests.swift in Sources */ = {isa = PBXBuildFile; fileRef = 7EAD0B6A1EDB203D00B42A89 /* tippyTests.swift */; };
		7EAD0B761EDB203D00B42A89 /* tippyUITests.swift in Sources */ = {isa = PBXBuildFile; fileRef = 7EAD0B751EDB203D00B42A89 /* tippyUITests.swift */; };
/* End PBXBuildFile section */

/* Begin PBXContainerItemProxy section */
		7EAD0B671EDB203D00B42A89 /* PBXContainerItemProxy */ = {
			isa = PBXContainerItemProxy;
			containerPortal = 7EAD0B4A1EDB203900B42A89 /* Project object */;
			proxyType = 1;
			remoteGlobalIDString = 7EAD0B511EDB203900B42A89;
			remoteInfo = tippy;
		};
		7EAD0B721EDB203D00B42A89 /* PBXContainerItemProxy */ = {
			isa = PBXContainerItemProxy;
			containerPortal = 7EAD0B4A1EDB203900B42A89 /* Project object */;
			proxyType = 1;
			remoteGlobalIDString = 7EAD0B511EDB203900B42A89;
			remoteInfo = tippy;
		};
/* End PBXContainerItemProxy section */

/* Begin PBXFileReference section */
		7EAD0B521EDB203A00B42A89 /* tippy.app */ = {isa = PBXFileReference; explicitFileType = wrapper.application; includeInIndex = 0; path = tippy.app; sourceTree = BUILT_PRODUCTS_DIR; };
		7EAD0B551EDB203A00B42A89 /* AppDelegate.swift */ = {isa = PBXFileReference; lastKnownFileType = sourcecode.swift; path = AppDelegate.swift; sourceTree = "<group>"; };
		7EAD0B571EDB203B00B42A89 /* ViewController.swift */ = {isa = PBXFileReference; lastKnownFileType = sourcecode.swift; path = ViewController.swift; sourceTree = "<group>"; };
		7EAD0B5A1EDB203B00B42A89 /* Base */ = {isa = PBXFileReference; lastKnownFileType = file.storyboard; name = Base; path = Base.lproj/Main.storyboard; sourceTree = "<group>"; };
		7EAD0B5C1EDB203B00B42A89 /* Assets.xcassets */ = {isa = PBXFileReference; lastKnownFileType = folder.assetcatalog; path = Assets.xcassets; sourceTree = "<group>"; };
		7EAD0B5F1EDB203B00B42A89 /* Base */ = {isa = PBXFileReference; lastKnownFileType = file.storyboard; name = Base; path = Base.lproj/LaunchScreen.storyboard; sourceTree = "<group>"; };
		7EAD0B611EDB203B00B42A89 /* Info.plist */ = {isa = PBXFileReference; lastKnownFileType = text.plist.xml; path = Info.plist; sourceTree = "<group>"; };
		7EAD0B661EDB203D00B42A89 /* tippyTests.xctest */ = {isa = PBXFileReference; explicitFileType = wrapper.cfbundle; includeInIndex = 0; path = tippyTests.xctest; sourceTree = BUILT_PRODUCTS_DIR; };
		7EAD0B6A1EDB203D00B42A89 /* tippyTests.swift */ = {isa = PBXFileReference; lastKnownFileType = sourcecode.swift; path = tippyTests.swift; sourceTree = "<group>"; };
		7EAD0B6C1EDB203D00B42A89 /* Info.plist */ = {isa = PBXFileReference; lastKnownFileType = text.plist.xml; path = Info.plist; sourceTree = "<group>"; };
		7EAD0B711EDB203D00B42A89 /* tippyUITests.xctest */ = {isa = PBXFileReference; explicitFileType = wrapper.cfbundle; includeInIndex = 0; path = tippyUITests.xctest; sourceTree = BUILT_PRODUCTS_DIR; };
		7EAD0B751EDB203D00B42A89 /* tippyUITests.swift */ = {isa = PBXFileReference; lastKnownFileType = sourcecode.swift; path = tippyUITests.swift; sourceTree = "<group>"; };
		7EAD0B771EDB203D00B42A89 /* Info.plist */ = {isa = PBXFileReference; lastKnownFileType = text.plist.xml; path = Info.plist; sourceTree = "<group>"; };
/* End PBXFileReference section */

/* Begin PBXFrameworksBuildPhase section */
		7EAD0B4F1EDB203900B42A89 /* Frameworks */ = {
			isa = PBXFrameworksBuildPhase;
			buildActionMask = 2147483647;
			files = (
			);
			runOnlyForDeploymentPostprocessing = 0;
		};
		7EAD0B631EDB203D00B42A89 /* Frameworks */ = {
			isa = PBXFrameworksBuildPhase;
			buildActionMask = 2147483647;
			files = (
			);
			runOnlyForDeploymentPostprocessing = 0;
		};
		7EAD0B6E1EDB203D00B42A89 /* Frameworks */ = {
			isa = PBXFrameworksBuildPhase;
			buildActionMask = 2147483647;
			files = (
			);
			runOnlyForDeploymentPostprocessing = 0;
		};
/* End PBXFrameworksBuildPhase section */

/* Begin PBXGroup section */
		7EAD0B491EDB203900B42A89 = {
			isa = PBXGroup;
			children = (
				7EAD0B541EDB203A00B42A89 /* tippy */,
				7EAD0B691EDB203D00B42A89 /* tippyTests */,
				7EAD0B741EDB203D00B42A89 /* tippyUITests */,
				7EAD0B531EDB203A00B42A89 /* Products */,
			);
			sourceTree = "<group>";
		};
		7EAD0B531EDB203A00B42A89 /* Products */ = {
			isa = PBXGroup;
			children = (
				7EAD0B521EDB203A00B42A89 /* tippy.app */,
				7EAD0B661EDB203D00B42A89 /* tippyTests.xctest */,
				7EAD0B711EDB203D00B42A89 /* tippyUITests.xctest */,
			);
			name = Products;
			sourceTree = "<group>";
		};
		7EAD0B541EDB203A00B42A89 /* tippy */ = {
			isa = PBXGroup;
			children = (
				7EAD0B551EDB203A00B42A89 /* AppDelegate.swift */,
				7EAD0B571EDB203B00B42A89 /* ViewController.swift */,
				7EAD0B591EDB203B00B42A89 /* Main.storyboard */,
				7EAD0B5C1EDB203B00B42A89 /* Assets.xcassets */,
				7EAD0B5E1EDB203B00B42A89 /* LaunchScreen.storyboard */,
				7EAD0B611EDB203B00B42A89 /* Info.plist */,
			);
			path = tippy;
			sourceTree = "<group>";
		};
		7EAD0B691EDB203D00B42A89 /* tippyTests */ = {
			isa = PBXGroup;
			children = (
				7EAD0B6A1EDB203D00B42A89 /* tippyTests.swift */,
				7EAD0B6C1EDB203D00B42A89 /* Info.plist */,
			);
			path = tippyTests;
			sourceTree = "<group>";
		};
		7EAD0B741EDB203D00B42A89 /* tippyUITests */ = {
			isa = PBXGroup;
			children = (
				7EAD0B751EDB203D00B42A89 /* tippyUITests.swift */,
				7EAD0B771EDB203D00B42A89 /* Info.plist */,
			);
			path = tippyUITests;
			sourceTree = "<group>";
		};
/* End PBXGroup section */

/* Begin PBXNativeTarget section */
		7EAD0B511EDB203900B42A89 /* tippy */ = {
			isa = PBXNativeTarget;
			buildConfigurationList = 7EAD0B7A1EDB203D00B42A89 /* Build configuration list for PBXNativeTarget "tippy" */;
			buildPhases = (
				7EAD0B4E1EDB203900B42A89 /* Sources */,
				7EAD0B4F1EDB203900B42A89 /* Frameworks */,
				7EAD0B501EDB203900B42A89 /* Resources */,
			);
			buildRules = (
			);
			dependencies = (
			);
			name = tippy;
			productName = tippy;
			productReference = 7EAD0B521EDB203A00B42A89 /* tippy.app */;
			productType = "com.apple.product-type.application";
		};
		7EAD0B651EDB203D00B42A89 /* tippyTests */ = {
			isa = PBXNativeTarget;
			buildConfigurationList = 7EAD0B7D1EDB203D00B42A89 /* Build configuration list for PBXNativeTarget "tippyTests" */;
			buildPhases = (
				7EAD0B621EDB203D00B42A89 /* Sources */,
				7EAD0B631EDB203D00B42A89 /* Frameworks */,
				7EAD0B641EDB203D00B42A89 /* Resources */,
			);
			buildRules = (
			);
			dependencies = (
				7EAD0B681EDB203D00B42A89 /* PBXTargetDependency */,
			);
			name = tippyTests;
			productName = tippyTests;
			productReference = 7EAD0B661EDB203D00B42A89 /* tippyTests.xctest */;
			productType = "com.apple.product-type.bundle.unit-test";
		};
		7EAD0B701EDB203D00B42A89 /* tippyUITests */ = {
			isa = PBXNativeTarget;
			buildConfigurationList = 7EAD0B801EDB203D00B42A89 /* Build configuration list for PBXNativeTarget "tippyUITests" */;
			buildPhases = (
				7EAD0B6D1EDB203D00B42A89 /* Sources */,
				7EAD0B6E1EDB203D00B42A89 /* Frameworks */,
				7EAD0B6F1EDB203D00B42A89 /* Resources */,
			);
			buildRules = (
			);
			dependencies = (
				7EAD0B731EDB203D00B42A89 /* PBXTargetDependency */,
			);
			name = tippyUITests;
			productName = tippyUITests;
			productReference = 7EAD0B711EDB203D00B42A89 /* tippyUITests.xctest */;
			productType = "com.apple.product-type.bundle.ui-testing";
		};
/* End PBXNativeTarget section */

/* Begin PBXProject section */
		7EAD0B4A1EDB203900B42A89 /* Project object */ = {
			isa = PBXProject;
			attributes = {
				LastSwiftUpdateCheck = 0830;
				LastUpgradeCheck = 0830;
				ORGANIZATIONNAME = "Phung Duc Chinh";
				TargetAttributes = {
					7EAD0B511EDB203900B42A89 = {
						CreatedOnToolsVersion = 8.3.2;
						ProvisioningStyle = Automatic;
					};
					7EAD0B651EDB203D00B42A89 = {
						CreatedOnToolsVersion = 8.3.2;
						ProvisioningStyle = Automatic;
						TestTargetID = 7EAD0B511EDB203900B42A89;
					};
					7EAD0B701EDB203D00B42A89 = {
						CreatedOnToolsVersion = 8.3.2;
						ProvisioningStyle = Automatic;
						TestTargetID = 7EAD0B511EDB203900B42A89;
					};
				};
			};
			buildConfigurationList = 7EAD0B4D1EDB203900B42A89 /* Build configuration list for PBXProject "tippy" */;
			compatibilityVersion = "Xcode 3.2";
			developmentRegion = English;
			hasScannedForEncodings = 0;
			knownRegions = (
				en,
				Base,
			);
			mainGroup = 7EAD0B491EDB203900B42A89;
			productRefGroup = 7EAD0B531EDB203A00B42A89 /* Products */;
			projectDirPath = "";
			projectRoot = "";
			targets = (
				7EAD0B511EDB203900B42A89 /* tippy */,
				7EAD0B651EDB203D00B42A89 /* tippyTests */,
				7EAD0B701EDB203D00B42A89 /* tippyUITests */,
			);
		};
/* End PBXProject section */

/* Begin PBXResourcesBuildPhase section */
		7EAD0B501EDB203900B42A89 /* Resources */ = {
			isa = PBXResourcesBuildPhase;
			buildActionMask = 2147483647;
			files = (
				7EAD0B601EDB203B00B42A89 /* LaunchScreen.storyboard in Resources */,
				7EAD0B5D1EDB203B00B42A89 /* Assets.xcassets in Resources */,
				7EAD0B5B1EDB203B00B42A89 /* Main.storyboard in Resources */,
			);
			runOnlyForDeploymentPostprocessing = 0;
		};
		7EAD0B641EDB203D00B42A89 /* Resources */ = {
			isa = PBXResourcesBuildPhase;
			buildActionMask = 2147483647;
			files = (
			);
			runOnlyForDeploymentPostprocessing = 0;
		};
		7EAD0B6F1EDB203D00B42A89 /* Resources */ = {
			isa = PBXResourcesBuildPhase;
			buildActionMask = 2147483647;
			files = (
			);
			runOnlyForDeploymentPostprocessing = 0;
		};
/* End PBXResourcesBuildPhase section */

/* Begin PBXSourcesBuildPhase section */
		7EAD0B4E1EDB203900B42A89 /* Sources */ = {
			isa = PBXSourcesBuildPhase;
			buildActionMask = 2147483647;
			files = (
				7EAD0B581EDB203B00B42A89 /* ViewController.swift in Sources */,
				7EAD0B561EDB203A00B42A89 /* AppDelegate.swift in Sources */,
			);
			runOnlyForDeploymentPostprocessing = 0;
		};
		7EAD0B621EDB203D00B42A89 /* Sources */ = {
			isa = PBXSourcesBuildPhase;
			buildActionMask = 2147483647;
			files = (
				7EAD0B6B1EDB203D00B42A89 /* tippyTests.swift in Sources */,
			);
			runOnlyForDeploymentPostprocessing = 0;
		};
		7EAD0B6D1EDB203D00B42A89 /* Sources */ = {
			isa = PBXSourcesBuildPhase;
			buildActionMask = 2147483647;
			files = (
				7EAD0B761EDB203D00B42A89 /* tippyUITests.swift in Sources */,
			);
			runOnlyForDeploymentPostprocessing = 0;
		};
/* End PBXSourcesBuildPhase section */

/* Begin PBXTargetDependency section */
		7EAD0B681EDB203D00B42A89 /* PBXTargetDependency */ = {
			isa = PBXTargetDependency;
			target = 7EAD0B511EDB203900B42A89 /* tippy */;
			targetProxy = 7EAD0B671EDB203D00B42A89 /* PBXContainerItemProxy */;
		};
		7EAD0B731EDB203D00B42A89 /* PBXTargetDependency */ = {
			isa = PBXTargetDependency;
			target = 7EAD0B511EDB203900B42A89 /* tippy */;
			targetProxy = 7EAD0B721EDB203D00B42A89 /* PBXContainerItemProxy */;
		};
/* End PBXTargetDependency section */

/* Begin PBXVariantGroup section */
		7EAD0B591EDB203B00B42A89 /* Main.storyboard */ = {
			isa = PBXVariantGroup;
			children = (
				7EAD0B5A1EDB203B00B42A89 /* Base */,
			);
			name = Main.storyboard;
			sourceTree = "<group>";
		};
		7EAD0B5E1EDB203B00B42A89 /* LaunchScreen.storyboard */ = {
			isa = PBXVariantGroup;
			children = (
				7EAD0B5F1EDB203B00B42A89 /* Base */,
			);
			name = LaunchScreen.storyboard;
			sourceTree = "<group>";
		};
/* End PBXVariantGroup section */

/* Begin XCBuildConfiguration section */
		7EAD0B781EDB203D00B42A89 /* Debug */ = {
			isa = XCBuildConfiguration;
			buildSettings = {
				ALWAYS_SEARCH_USER_PATHS = NO;
				CLANG_ANALYZER_NONNULL = YES;
				CLANG_ANALYZER_NUMBER_OBJECT_CONVERSION = YES_AGGRESSIVE;
				CLANG_CXX_LANGUAGE_STANDARD = "gnu++0x";
				CLANG_CXX_LIBRARY = "libc++";
				CLANG_ENABLE_MODULES = YES;
				CLANG_ENABLE_OBJC_ARC = YES;
				CLANG_WARN_BOOL_CONVERSION = YES;
				CLANG_WARN_CONSTANT_CONVERSION = YES;
				CLANG_WARN_DIRECT_OBJC_ISA_USAGE = YES_ERROR;
				CLANG_WARN_DOCUMENTATION_COMMENTS = YES;
				CLANG_WARN_EMPTY_BODY = YES;
				CLANG_WARN_ENUM_CONVERSION = YES;
				CLANG_WARN_INFINITE_RECURSION = YES;
				CLANG_WARN_INT_CONVERSION = YES;
				CLANG_WARN_OBJC_ROOT_CLASS = YES_ERROR;
				CLANG_WARN_SUSPICIOUS_MOVE = YES;
				CLANG_WARN_UNREACHABLE_CODE = YES;
				CLANG_WARN__DUPLICATE_METHOD_MATCH = YES;
				"CODE_SIGN_IDENTITY[sdk=iphoneos*]" = "iPhone Developer";
				COPY_PHASE_STRIP = NO;
				DEBUG_INFORMATION_FORMAT = dwarf;
				ENABLE_STRICT_OBJC_MSGSEND = YES;
				ENABLE_TESTABILITY = YES;
				GCC_C_LANGUAGE_STANDARD = gnu99;
				GCC_DYNAMIC_NO_PIC = NO;
				GCC_NO_COMMON_BLOCKS = YES;
				GCC_OPTIMIZATION_LEVEL = 0;
				GCC_PREPROCESSOR_DEFINITIONS = (
					"DEBUG=1",
					"$(inherited)",
				);
				GCC_WARN_64_TO_32_BIT_CONVERSION = YES;
				GCC_WARN_ABOUT_RETURN_TYPE = YES_ERROR;
				GCC_WARN_UNDECLARED_SELECTOR = YES;
				GCC_WARN_UNINITIALIZED_AUTOS = YES_AGGRESSIVE;
				GCC_WARN_UNUSED_FUNCTION = YES;
				GCC_WARN_UNUSED_VARIABLE = YES;
				IPHONEOS_DEPLOYMENT_TARGET = 10.3;
				MTL_ENABLE_DEBUG_INFO = YES;
				ONLY_ACTIVE_ARCH = YES;
				SDKROOT = iphoneos;
				SWIFT_ACTIVE_COMPILATION_CONDITIONS = DEBUG;
				SWIFT_OPTIMIZATION_LEVEL = "-Onone";
			};
			name = Debug;
		};
		7EAD0B791EDB203D00B42A89 /* Release */ = {
			isa = XCBuildConfiguration;
			buildSettings = {
				ALWAYS_SEARCH_USER_PATHS = NO;
				CLANG_ANALYZER_NONNULL = YES;
				CLANG_ANALYZER_NUMBER_OBJECT_CONVERSION = YES_AGGRESSIVE;
				CLANG_CXX_LANGUAGE_STANDARD = "gnu++0x";
				CLANG_CXX_LIBRARY = "libc++";
				CLANG_ENABLE_MODULES = YES;
				CLANG_ENABLE_OBJC_ARC = YES;
				CLANG_WARN_BOOL_CONVERSION = YES;
				CLANG_WARN_CONSTANT_CONVERSION = YES;
				CLANG_WARN_DIRECT_OBJC_ISA_USAGE = YES_ERROR;
				CLANG_WARN_DOCUMENTATION_COMMENTS = YES;
				CLANG_WARN_EMPTY_BODY = YES;
				CLANG_WARN_ENUM_CONVERSION = YES;
				CLANG_WARN_INFINITE_RECURSION = YES;
				CLANG_WARN_INT_CONVERSION = YES;
				CLANG_WARN_OBJC_ROOT_CLASS = YES_ERROR;
				CLANG_WARN_SUSPICIOUS_MOVE = YES;
				CLANG_WARN_UNREACHABLE_CODE = YES;
				CLANG_WARN__DUPLICATE_METHOD_MATCH = YES;
				"CODE_SIGN_IDENTITY[sdk=iphoneos*]" = "iPhone Developer";
				COPY_PHASE_STRIP = NO;
				DEBUG_INFORMATION_FORMAT = "dwarf-with-dsym";
				ENABLE_NS_ASSERTIONS = NO;
				ENABLE_STRICT_OBJC_MSGSEND = YES;
				GCC_C_LANGUAGE_STANDARD = gnu99;
				GCC_NO_COMMON_BLOCKS = YES;
				GCC_WARN_64_TO_32_BIT_CONVERSION = YES;
				GCC_WARN_ABOUT_RETURN_TYPE = YES_ERROR;
				GCC_WARN_UNDECLARED_SELECTOR = YES;
				GCC_WARN_UNINITIALIZED_AUTOS = YES_AGGRESSIVE;
				GCC_WARN_UNUSED_FUNCTION = YES;
				GCC_WARN_UNUSED_VARIABLE = YES;
				IPHONEOS_DEPLOYMENT_TARGET = 10.3;
				MTL_ENABLE_DEBUG_INFO = NO;
				SDKROOT = iphoneos;
				SWIFT_OPTIMIZATION_LEVEL = "-Owholemodule";
				VALIDATE_PRODUCT = YES;
			};
			name = Release;
		};
		7EAD0B7B1EDB203D00B42A89 /* Debug */ = {
			isa = XCBuildConfiguration;
			buildSettings = {
				ASSETCATALOG_COMPILER_APPICON_NAME = AppIcon;
				INFOPLIST_FILE = tippy/Info.plist;
				LD_RUNPATH_SEARCH_PATHS = "$(inherited) @executable_path/Frameworks";
				PRODUCT_BUNDLE_IDENTIFIER = com.codepath.tippy;
				PRODUCT_NAME = "$(TARGET_NAME)";
				SWIFT_VERSION = 3.0;
			};
			name = Debug;
		};
		7EAD0B7C1EDB203D00B42A89 /* Release */ = {
			isa = XCBuildConfiguration;
			buildSettings = {
				ASSETCATALOG_COMPILER_APPICON_NAME = AppIcon;
				INFOPLIST_FILE = tippy/Info.plist;
				LD_RUNPATH_SEARCH_PATHS = "$(inherited) @executable_path/Frameworks";
				PRODUCT_BUNDLE_IDENTIFIER = com.codepath.tippy;
				PRODUCT_NAME = "$(TARGET_NAME)";
				SWIFT_VERSION = 3.0;
			};
			name = Release;
		};
		7EAD0B7E1EDB203D00B42A89 /* Debug */ = {
			isa = XCBuildConfiguration;
			buildSettings = {
				ALWAYS_EMBED_SWIFT_STANDARD_LIBRARIES = YES;
				BUNDLE_LOADER = "$(TEST_HOST)";
				INFOPLIST_FILE = tippyTests/Info.plist;
				LD_RUNPATH_SEARCH_PATHS = "$(inherited) @executable_path/Frameworks @loader_path/Frameworks";
				PRODUCT_BUNDLE_IDENTIFIER = com.codepath.tippyTests;
				PRODUCT_NAME = "$(TARGET_NAME)";
				SWIFT_VERSION = 3.0;
				TEST_HOST = "$(BUILT_PRODUCTS_DIR)/tippy.app/tippy";
			};
			name = Debug;
		};
		7EAD0B7F1EDB203D00B42A89 /* Release */ = {
			isa = XCBuildConfiguration;
			buildSettings = {
				ALWAYS_EMBED_SWIFT_STANDARD_LIBRARIES = YES;
				BUNDLE_LOADER = "$(TEST_HOST)";
				INFOPLIST_FILE = tippyTests/Info.plist;
				LD_RUNPATH_SEARCH_PATHS = "$(inherited) @executable_path/Frameworks @loader_path/Frameworks";
				PRODUCT_BUNDLE_IDENTIFIER = com.codepath.tippyTests;
				PRODUCT_NAME = "$(TARGET_NAME)";
				SWIFT_VERSION = 3.0;
				TEST_HOST = "$(BUILT_PRODUCTS_DIR)/tippy.app/tippy";
			};
			name = Release;
		};
		7EAD0B811EDB203D00B42A89 /* Debug */ = {
			isa = XCBuildConfiguration;
			buildSettings = {
				ALWAYS_EMBED_SWIFT_STANDARD_LIBRARIES = YES;
				INFOPLIST_FILE = tippyUITests/Info.plist;
				LD_RUNPATH_SEARCH_PATHS = "$(inherited) @executable_path/Frameworks @loader_path/Frameworks";
				PRODUCT_BUNDLE_IDENTIFIER = com.codepath.tippyUITests;
				PRODUCT_NAME = "$(TARGET_NAME)";
				SWIFT_VERSION = 3.0;
				TEST_TARGET_NAME = tippy;
			};
			name = Debug;
		};
		7EAD0B821EDB203D00B42A89 /* Release */ = {
			isa = XCBuildConfiguration;
			buildSettings = {
				ALWAYS_EMBED_SWIFT_STANDARD_LIBRARIES = YES;
				INFOPLIST_FILE = tippyUITests/Info.plist;
				LD_RUNPATH_SEARCH_PATHS = "$(inherited) @executable_path/Frameworks @loader_path/Frameworks";
				PRODUCT_BUNDLE_IDENTIFIER = com.codepath.tippyUITests;
				PRODUCT_NAME = "$(TARGET_NAME)";
				SWIFT_VERSION = 3.0;
				TEST_TARGET_NAME = tippy;
			};
			name = Release;
		};
/* End XCBuildConfiguration section */

/* Begin XCConfigurationList section */
		7EAD0B4D1EDB203900B42A89 /* Build configuration list for PBXProject "tippy" */ = {
			isa = XCConfigurationList;
			buildConfigurations = (
				7EAD0B781EDB203D00B42A89 /* Debug */,
				7EAD0B791EDB203D00B42A89 /* Release */,
			);
			defaultConfigurationIsVisible = 0;
			defaultConfigurationName = Release;
		};
		7EAD0B7A1EDB203D00B42A89 /* Build configuration list for PBXNativeTarget "tippy" */ = {
			isa = XCConfigurationList;
			buildConfigurations = (
				7EAD0B7B1EDB203D00B42A89 /* Debug */,
				7EAD0B7C1EDB203D00B42A89 /* Release */,
			);
			defaultConfigurationIsVisible = 0;
		};
		7EAD0B7D1EDB203D00B42A89 /* Build configuration list for PBXNativeTarget "tippyTests" */ = {
			isa = XCConfigurationList;
			buildConfigurations = (
				7EAD0B7E1EDB203D00B42A89 /* Debug */,
				7EAD0B7F1EDB203D00B42A89 /* Release */,
			);
			defaultConfigurationIsVisible = 0;
		};
		7EAD0B801EDB203D00B42A89 /* Build configuration list for PBXNativeTarget "tippyUITests" */ = {
			isa = XCConfigurationList;
			buildConfigurations = (
				7EAD0B811EDB203D00B42A89 /* Debug */,
				7EAD0B821EDB203D00B42A89 /* Release */,
			);
			defaultConfigurationIsVisible = 0;
		};
/* End XCConfigurationList section */
	};
	rootObject = 7EAD0B4A1EDB203900B42A89 /* Project object */;
}
